
Microsoft Visual Studio Solution File, Format Version 12.00
# Visual Studio Version 17
VisualStudioVersion = 17.7.34024.191
MinimumVisualStudioVersion = 10.0.40219.1
Project("{FAE04EC0-301F-11D3-BF4B-00C04F79EFBC}") = "qltv", "qltv\qltv.csproj", "{AA7CD623-EB5A-4524-B72F-D2653141E36F}"
EndProject
Global
	GlobalSection(SolutionConfigurationPlatforms) = preSolution
		Debug|Any CPU = Debug|Any CPU
		Release|Any CPU = Release|Any CPU
	EndGlobalSection
	GlobalSection(ProjectConfigurationPlatforms) = postSolution
		{AA7CD623-EB5A-4524-B72F-D2653141E36F}.Debug|Any CPU.ActiveCfg = Debug|Any CPU
		{AA7CD623-EB5A-4524-B72F-D2653141E36F}.Debug|Any CPU.Build.0 = Debug|Any CPU
		{AA7CD623-EB5A-4524-B72F-D2653141E36F}.Release|Any CPU.ActiveCfg = Release|Any CPU
		{AA7CD623-EB5A-4524-B72F-D2653141E36F}.Release|Any CPU.Build.0 = Release|Any CPU
	EndGlobalSection
	GlobalSection(SolutionProperties) = preSolution
		HideSolutionNode = FALSE
	EndGlobalSection
	GlobalSection(ExtensibilityGlobals) = postSolution
		SolutionGuid = {F5185A26-9E51-42C3-B79B-21A327ADEB1E}
	EndGlobalSection
EndGlobal
